
Microsoft Visual Studio Solution File, Format Version 12.00
# Visual Studio 15
VisualStudioVersion = 15.0.27130.2036
MinimumVisualStudioVersion = 10.0.40219.1
Project("{FAE04EC0-301F-11D3-BF4B-00C04F79EFBC}") = "ADO.Extensions", "ADO.Extensions\ADO.Extensions.csproj", "{5738B905-C487-46DD-A868-D9A433302FCB}"
EndProject
Project("{FAE04EC0-301F-11D3-BF4B-00C04F79EFBC}") = "ADO.ExtensionsTest", "ADO.ExtensionsTest\ADO.ExtensionsTest.csproj", "{BABDDF79-5222-4961-BD2C-7459A0C54743}"
EndProject
Global
	GlobalSection(SolutionConfigurationPlatforms) = preSolution
		Debug|Any CPU = Debug|Any CPU
		Release|Any CPU = Release|Any CPU
	EndGlobalSection
	GlobalSection(ProjectConfigurationPlatforms) = postSolution
		{5738B905-C487-46DD-A868-D9A433302FCB}.Debug|Any CPU.ActiveCfg = Debug|Any CPU
		{5738B905-C487-46DD-A868-D9A433302FCB}.Debug|Any CPU.Build.0 = Debug|Any CPU
		{5738B905-C487-46DD-A868-D9A433302FCB}.Release|Any CPU.ActiveCfg = Release|Any CPU
		{5738B905-C487-46DD-A868-D9A433302FCB}.Release|Any CPU.Build.0 = Release|Any CPU
		{BABDDF79-5222-4961-BD2C-7459A0C54743}.Debug|Any CPU.ActiveCfg = Debug|Any CPU
		{BABDDF79-5222-4961-BD2C-7459A0C54743}.Debug|Any CPU.Build.0 = Debug|Any CPU
		{BABDDF79-5222-4961-BD2C-7459A0C54743}.Release|Any CPU.ActiveCfg = Release|Any CPU
		{BABDDF79-5222-4961-BD2C-7459A0C54743}.Release|Any CPU.Build.0 = Release|Any CPU
	EndGlobalSection
	GlobalSection(SolutionProperties) = preSolution
		HideSolutionNode = FALSE
	EndGlobalSection
	GlobalSection(ExtensibilityGlobals) = postSolution
		SolutionGuid = {D8D8CBF2-4977-4B70-960F-5B13937573FD}
	EndGlobalSection
EndGlobal
